
Microsoft Visual Studio Solution File, Format Version 12.00
# Visual Studio Version 16
VisualStudioVersion = 16.0.29920.165
MinimumVisualStudioVersion = 10.0.40219.1
Project("{FAE04EC0-301F-11D3-BF4B-00C04F79EFBC}") = "UniversalElectronicCard", "UniversalElectronicCard\UniversalElectronicCard.csproj", "{2EDD1490-A3A4-4DE9-8974-31428E18D9FD}"
EndProject
Project("{2150E333-8FDC-42A3-9474-1A3956D46DE8}") = "Solution Items", "Solution Items", "{35EA9361-122F-47FF-BE97-3C116B74EA25}"
EndProject
Global
	GlobalSection(SolutionConfigurationPlatforms) = preSolution
		Debug|Any CPU = Debug|Any CPU
		Release|Any CPU = Release|Any CPU
	EndGlobalSection
	GlobalSection(ProjectConfigurationPlatforms) = postSolution
		{2EDD1490-A3A4-4DE9-8974-31428E18D9FD}.Debug|Any CPU.ActiveCfg = Debug|Any CPU
		{2EDD1490-A3A4-4DE9-8974-31428E18D9FD}.Debug|Any CPU.Build.0 = Debug|Any CPU
		{2EDD1490-A3A4-4DE9-8974-31428E18D9FD}.Release|Any CPU.ActiveCfg = Release|Any CPU
		{2EDD1490-A3A4-4DE9-8974-31428E18D9FD}.Release|Any CPU.Build.0 = Release|Any CPU
	EndGlobalSection
	GlobalSection(SolutionProperties) = preSolution
		HideSolutionNode = FALSE
	EndGlobalSection
	GlobalSection(ExtensibilityGlobals) = postSolution
		SolutionGuid = {D64AE215-CA56-4BDD-8F4F-3046CA624652}
	EndGlobalSection
EndGlobal
